{
  "name": "@slowcode/caat",
  "version": "2.1.0",
  "lockfileVersion": 3,
  "requires": true,
  "packages": {
    "": {
      "name": "@slowcode/caat",
      "version": "2.1.0",
      "license": "MIT",
      "dependencies": {
        "chalk": "5.4.1",
        "marked": "16.1.1"
      },
      "bin": {
        "caat": "cli.js"
      },
      "devDependencies": {},
      "engines": {
        "node": ">=16.0.0"
      },
      "funding": {
        "type": "individual",
        "url": "https://github.com/sponsors/ismailmmd"
      }
    },
    "node_modules/chalk": {
      "version": "5.4.1",
      "resolved": "https://registry.npmjs.org/chalk/-/chalk-5.4.1.tgz",
      "integrity": "sha512-zgVZuo2WcZgfUEmsn6eO3kINexW8RAE4maiQ8QNs8CtpPCSyMiYsULR3HQYkm3w8FIA3SberyMJMSldGsW+U3w==",
      "license": "MIT",
      "engines": {
        "node": "^12.17.0 || ^14.13 || >=16.0.0"
      },
      "funding": {
        "url": "https://github.com/chalk/chalk?sponsor=1"
      }
    },
    "node_modules/marked": {
      "version": "16.1.1",
      "resolved": "https://registry.npmjs.org/marked/-/marked-16.1.1.tgz",
      "integrity": "sha512-ij/2lXfCRT71L6u0M29tJPhP0bM5shLL3u5BePhFwPELj2blMJ6GDtD7PfJhRLhJ/c2UwrK17ySVcDzy2YHjHQ==",
      "license": "MIT",
      "bin": {
        "marked": "bin/marked.js"
      },
      "engines": {
        "node": ">= 20"
      }
    }
  }
}
